
Microsoft Visual Studio Solution File, Format Version 12.00
# Visual Studio 2012
Project("{FAE04EC0-301F-11D3-BF4B-00C04F79EFBC}") = "CarHire", "CarHire\CarHire.csproj", "{BBCE2258-8B0C-4CC4-948E-2236795348AB}"
EndProject
Global
	GlobalSection(SolutionConfigurationPlatforms) = preSolution
		Debug|Any CPU = Debug|Any CPU
		Release|Any CPU = Release|Any CPU
	EndGlobalSection
	GlobalSection(ProjectConfigurationPlatforms) = postSolution
		{BBCE2258-8B0C-4CC4-948E-2236795348AB}.Debug|Any CPU.ActiveCfg = Debug|Any CPU
		{BBCE2258-8B0C-4CC4-948E-2236795348AB}.Debug|Any CPU.Build.0 = Debug|Any CPU
		{BBCE2258-8B0C-4CC4-948E-2236795348AB}.Release|Any CPU.ActiveCfg = Release|Any CPU
		{BBCE2258-8B0C-4CC4-948E-2236795348AB}.Release|Any CPU.Build.0 = Release|Any CPU
	EndGlobalSection
	GlobalSection(SolutionProperties) = preSolution
		HideSolutionNode = FALSE
	EndGlobalSection
EndGlobal
